
Microsoft Visual Studio Solution File, Format Version 12.00
# Visual Studio 15
VisualStudioVersion = 15.0.28010.2019
MinimumVisualStudioVersion = 10.0.40219.1
Project("{FAE04EC0-301F-11D3-BF4B-00C04F79EFBC}") = "Gestion de Alumnos", "Gestion de Alumnos\Gestion de Alumnos.csproj", "{2E141512-33B2-47AF-B7F8-ABEF30183298}"
EndProject
Project("{FAE04EC0-301F-11D3-BF4B-00C04F79EFBC}") = "Dominio", "Dominio\Dominio.csproj", "{3379FA73-2339-41AE-854B-755172AD13E1}"
EndProject
Project("{FAE04EC0-301F-11D3-BF4B-00C04F79EFBC}") = "Negocio", "Negocio\Negocio.csproj", "{92ADD8DC-3A7D-46C7-983C-52D2A9EF5272}"
EndProject
Global
	GlobalSection(SolutionConfigurationPlatforms) = preSolution
		Debug|Any CPU = Debug|Any CPU
		Release|Any CPU = Release|Any CPU
	EndGlobalSection
	GlobalSection(ProjectConfigurationPlatforms) = postSolution
		{2E141512-33B2-47AF-B7F8-ABEF30183298}.Debug|Any CPU.ActiveCfg = Debug|Any CPU
		{2E141512-33B2-47AF-B7F8-ABEF30183298}.Debug|Any CPU.Build.0 = Debug|Any CPU
		{2E141512-33B2-47AF-B7F8-ABEF30183298}.Release|Any CPU.ActiveCfg = Release|Any CPU
		{2E141512-33B2-47AF-B7F8-ABEF30183298}.Release|Any CPU.Build.0 = Release|Any CPU
		{3379FA73-2339-41AE-854B-755172AD13E1}.Debug|Any CPU.ActiveCfg = Debug|Any CPU
		{3379FA73-2339-41AE-854B-755172AD13E1}.Debug|Any CPU.Build.0 = Debug|Any CPU
		{3379FA73-2339-41AE-854B-755172AD13E1}.Release|Any CPU.ActiveCfg = Release|Any CPU
		{3379FA73-2339-41AE-854B-755172AD13E1}.Release|Any CPU.Build.0 = Release|Any CPU
		{92ADD8DC-3A7D-46C7-983C-52D2A9EF5272}.Debug|Any CPU.ActiveCfg = Debug|Any CPU
		{92ADD8DC-3A7D-46C7-983C-52D2A9EF5272}.Debug|Any CPU.Build.0 = Debug|Any CPU
		{92ADD8DC-3A7D-46C7-983C-52D2A9EF5272}.Release|Any CPU.ActiveCfg = Release|Any CPU
		{92ADD8DC-3A7D-46C7-983C-52D2A9EF5272}.Release|Any CPU.Build.0 = Release|Any CPU
	EndGlobalSection
	GlobalSection(SolutionProperties) = preSolution
		HideSolutionNode = FALSE
	EndGlobalSection
	GlobalSection(ExtensibilityGlobals) = postSolution
		SolutionGuid = {FAB50B53-E633-45B1-B5FF-D4396FE84E91}
	EndGlobalSection
EndGlobal
